
Microsoft Visual Studio Solution File, Format Version 12.00
# Visual Studio 14
VisualStudioVersion = 14.0.25123.0
MinimumVisualStudioVersion = 10.0.40219.1
Project("{FAE04EC0-301F-11D3-BF4B-00C04F79EFBC}") = "PC.LawnMowers", "PC.LawnMowers\PC.LawnMowers.csproj", "{4F4004D0-CC16-466A-B8D8-4FE69BB5C975}"
EndProject
Project("{FAE04EC0-301F-11D3-BF4B-00C04F79EFBC}") = "LawnMowers.Tests", "LawnMowers.Tests\LawnMowers.Tests.csproj", "{5A0A54F1-A0D9-4DBC-86FA-FFF771123721}"
EndProject
Global
	GlobalSection(SolutionConfigurationPlatforms) = preSolution
		Debug|Any CPU = Debug|Any CPU
		Release|Any CPU = Release|Any CPU
	EndGlobalSection
	GlobalSection(ProjectConfigurationPlatforms) = postSolution
		{4F4004D0-CC16-466A-B8D8-4FE69BB5C975}.Debug|Any CPU.ActiveCfg = Debug|Any CPU
		{4F4004D0-CC16-466A-B8D8-4FE69BB5C975}.Debug|Any CPU.Build.0 = Debug|Any CPU
		{4F4004D0-CC16-466A-B8D8-4FE69BB5C975}.Release|Any CPU.ActiveCfg = Release|Any CPU
		{4F4004D0-CC16-466A-B8D8-4FE69BB5C975}.Release|Any CPU.Build.0 = Release|Any CPU
		{5A0A54F1-A0D9-4DBC-86FA-FFF771123721}.Debug|Any CPU.ActiveCfg = Debug|Any CPU
		{5A0A54F1-A0D9-4DBC-86FA-FFF771123721}.Debug|Any CPU.Build.0 = Debug|Any CPU
		{5A0A54F1-A0D9-4DBC-86FA-FFF771123721}.Release|Any CPU.ActiveCfg = Release|Any CPU
		{5A0A54F1-A0D9-4DBC-86FA-FFF771123721}.Release|Any CPU.Build.0 = Release|Any CPU
	EndGlobalSection
	GlobalSection(SolutionProperties) = preSolution
		HideSolutionNode = FALSE
	EndGlobalSection
EndGlobal
